
Microsoft Visual Studio Solution File, Format Version 12.00
# Visual Studio Version 17
VisualStudioVersion = 17.5.33516.290
MinimumVisualStudioVersion = 10.0.40219.1
Project("{FAE04EC0-301F-11D3-BF4B-00C04F79EFBC}") = "Ejercicio02", "Ejercicio02\Ejercicio02.csproj", "{A0CDA18F-2F0F-4E19-AD5D-27DE9089D0B5}"
EndProject
Global
	GlobalSection(SolutionConfigurationPlatforms) = preSolution
		Debug|Any CPU = Debug|Any CPU
		Release|Any CPU = Release|Any CPU
	EndGlobalSection
	GlobalSection(ProjectConfigurationPlatforms) = postSolution
		{A0CDA18F-2F0F-4E19-AD5D-27DE9089D0B5}.Debug|Any CPU.ActiveCfg = Debug|Any CPU
		{A0CDA18F-2F0F-4E19-AD5D-27DE9089D0B5}.Debug|Any CPU.Build.0 = Debug|Any CPU
		{A0CDA18F-2F0F-4E19-AD5D-27DE9089D0B5}.Release|Any CPU.ActiveCfg = Release|Any CPU
		{A0CDA18F-2F0F-4E19-AD5D-27DE9089D0B5}.Release|Any CPU.Build.0 = Release|Any CPU
	EndGlobalSection
	GlobalSection(SolutionProperties) = preSolution
		HideSolutionNode = FALSE
	EndGlobalSection
	GlobalSection(ExtensibilityGlobals) = postSolution
		SolutionGuid = {F8688AD3-E5F7-4438-B1E8-57BF196AE031}
	EndGlobalSection
EndGlobal
