
Microsoft Visual Studio Solution File, Format Version 12.00
# Visual Studio Version 17
VisualStudioVersion = 17.5.33516.290
MinimumVisualStudioVersion = 10.0.40219.1
Project("{9A19103F-16F7-4668-BE54-9A1E7A4F7556}") = "Ejer01", "Ejer01\Ejer01.csproj", "{A35163B7-EBE1-420D-A37E-71211B720839}"
EndProject
Project("{9A19103F-16F7-4668-BE54-9A1E7A4F7556}") = "Ejer02", "Ejer02\Ejer02.csproj", "{ECA2A09D-786A-4CCC-A50D-CF258F8B736A}"
EndProject
Project("{9A19103F-16F7-4668-BE54-9A1E7A4F7556}") = "Ejer03", "Ejerc03\Ejer03.csproj", "{E7EC5515-8C6B-4367-B63E-BB8CBAEED19B}"
EndProject
Project("{9A19103F-16F7-4668-BE54-9A1E7A4F7556}") = "Ejer04", "Ejer04\Ejer04.csproj", "{88B3676A-9067-4156-8782-9B56DEC77C21}"
EndProject
Project("{9A19103F-16F7-4668-BE54-9A1E7A4F7556}") = "Programa", "Clase02\Programa.csproj", "{55601F40-9759-4DA6-9ABF-E05904B6BECA}"
EndProject
Project("{9A19103F-16F7-4668-BE54-9A1E7A4F7556}") = "Ejer05", "Ejer05\Ejer05.csproj", "{CD954CD8-1E71-4670-AF3E-C9C9B7641B4C}"
EndProject
Project("{9A19103F-16F7-4668-BE54-9A1E7A4F7556}") = "Ejer06", "Ejer06\Ejer06.csproj", "{9FE80FDE-6D66-45CE-AE3F-ED7240010740}"
EndProject
Project("{9A19103F-16F7-4668-BE54-9A1E7A4F7556}") = "Ejer08", "Ejer08\Ejer08.csproj", "{F99F44F0-6604-40F3-BC56-F50E1C727478}"
EndProject
Project("{2150E333-8FDC-42A3-9474-1A3956D46DE8}") = "Clase01", "Clase01", "{51B8E131-79B6-496A-AC53-39FA09628DF1}"
EndProject
Project("{2150E333-8FDC-42A3-9474-1A3956D46DE8}") = "Clase02", "Clase02", "{50E0E470-6333-4F5A-AD17-03D0408C6DC4}"
EndProject
Global
	GlobalSection(SolutionConfigurationPlatforms) = preSolution
		Debug|Any CPU = Debug|Any CPU
		Release|Any CPU = Release|Any CPU
	EndGlobalSection
	GlobalSection(ProjectConfigurationPlatforms) = postSolution
		{A35163B7-EBE1-420D-A37E-71211B720839}.Debug|Any CPU.ActiveCfg = Debug|Any CPU
		{A35163B7-EBE1-420D-A37E-71211B720839}.Debug|Any CPU.Build.0 = Debug|Any CPU
		{A35163B7-EBE1-420D-A37E-71211B720839}.Release|Any CPU.ActiveCfg = Release|Any CPU
		{A35163B7-EBE1-420D-A37E-71211B720839}.Release|Any CPU.Build.0 = Release|Any CPU
		{ECA2A09D-786A-4CCC-A50D-CF258F8B736A}.Debug|Any CPU.ActiveCfg = Debug|Any CPU
		{ECA2A09D-786A-4CCC-A50D-CF258F8B736A}.Debug|Any CPU.Build.0 = Debug|Any CPU
		{ECA2A09D-786A-4CCC-A50D-CF258F8B736A}.Release|Any CPU.ActiveCfg = Release|Any CPU
		{ECA2A09D-786A-4CCC-A50D-CF258F8B736A}.Release|Any CPU.Build.0 = Release|Any CPU
		{E7EC5515-8C6B-4367-B63E-BB8CBAEED19B}.Debug|Any CPU.ActiveCfg = Debug|Any CPU
		{E7EC5515-8C6B-4367-B63E-BB8CBAEED19B}.Debug|Any CPU.Build.0 = Debug|Any CPU
		{E7EC5515-8C6B-4367-B63E-BB8CBAEED19B}.Release|Any CPU.ActiveCfg = Release|Any CPU
		{E7EC5515-8C6B-4367-B63E-BB8CBAEED19B}.Release|Any CPU.Build.0 = Release|Any CPU
		{88B3676A-9067-4156-8782-9B56DEC77C21}.Debug|Any CPU.ActiveCfg = Debug|Any CPU
		{88B3676A-9067-4156-8782-9B56DEC77C21}.Debug|Any CPU.Build.0 = Debug|Any CPU
		{88B3676A-9067-4156-8782-9B56DEC77C21}.Release|Any CPU.ActiveCfg = Release|Any CPU
		{88B3676A-9067-4156-8782-9B56DEC77C21}.Release|Any CPU.Build.0 = Release|Any CPU
		{55601F40-9759-4DA6-9ABF-E05904B6BECA}.Debug|Any CPU.ActiveCfg = Debug|Any CPU
		{55601F40-9759-4DA6-9ABF-E05904B6BECA}.Debug|Any CPU.Build.0 = Debug|Any CPU
		{55601F40-9759-4DA6-9ABF-E05904B6BECA}.Release|Any CPU.ActiveCfg = Release|Any CPU
		{55601F40-9759-4DA6-9ABF-E05904B6BECA}.Release|Any CPU.Build.0 = Release|Any CPU
		{CD954CD8-1E71-4670-AF3E-C9C9B7641B4C}.Debug|Any CPU.ActiveCfg = Debug|Any CPU
		{CD954CD8-1E71-4670-AF3E-C9C9B7641B4C}.Debug|Any CPU.Build.0 = Debug|Any CPU
		{CD954CD8-1E71-4670-AF3E-C9C9B7641B4C}.Release|Any CPU.ActiveCfg = Release|Any CPU
		{CD954CD8-1E71-4670-AF3E-C9C9B7641B4C}.Release|Any CPU.Build.0 = Release|Any CPU
		{9FE80FDE-6D66-45CE-AE3F-ED7240010740}.Debug|Any CPU.ActiveCfg = Debug|Any CPU
		{9FE80FDE-6D66-45CE-AE3F-ED7240010740}.Debug|Any CPU.Build.0 = Debug|Any CPU
		{9FE80FDE-6D66-45CE-AE3F-ED7240010740}.Release|Any CPU.ActiveCfg = Release|Any CPU
		{9FE80FDE-6D66-45CE-AE3F-ED7240010740}.Release|Any CPU.Build.0 = Release|Any CPU
		{F99F44F0-6604-40F3-BC56-F50E1C727478}.Debug|Any CPU.ActiveCfg = Debug|Any CPU
		{F99F44F0-6604-40F3-BC56-F50E1C727478}.Debug|Any CPU.Build.0 = Debug|Any CPU
		{F99F44F0-6604-40F3-BC56-F50E1C727478}.Release|Any CPU.ActiveCfg = Release|Any CPU
		{F99F44F0-6604-40F3-BC56-F50E1C727478}.Release|Any CPU.Build.0 = Release|Any CPU
	EndGlobalSection
	GlobalSection(SolutionProperties) = preSolution
		HideSolutionNode = FALSE
	EndGlobalSection
	GlobalSection(NestedProjects) = preSolution
		{A35163B7-EBE1-420D-A37E-71211B720839} = {51B8E131-79B6-496A-AC53-39FA09628DF1}
		{ECA2A09D-786A-4CCC-A50D-CF258F8B736A} = {51B8E131-79B6-496A-AC53-39FA09628DF1}
		{E7EC5515-8C6B-4367-B63E-BB8CBAEED19B} = {51B8E131-79B6-496A-AC53-39FA09628DF1}
		{88B3676A-9067-4156-8782-9B56DEC77C21} = {51B8E131-79B6-496A-AC53-39FA09628DF1}
		{55601F40-9759-4DA6-9ABF-E05904B6BECA} = {51B8E131-79B6-496A-AC53-39FA09628DF1}
		{CD954CD8-1E71-4670-AF3E-C9C9B7641B4C} = {51B8E131-79B6-496A-AC53-39FA09628DF1}
		{9FE80FDE-6D66-45CE-AE3F-ED7240010740} = {51B8E131-79B6-496A-AC53-39FA09628DF1}
		{F99F44F0-6604-40F3-BC56-F50E1C727478} = {51B8E131-79B6-496A-AC53-39FA09628DF1}
	EndGlobalSection
	GlobalSection(ExtensibilityGlobals) = postSolution
		SolutionGuid = {B4DAA230-DE32-4EE0-BF04-9884D207EC4A}
	EndGlobalSection
EndGlobal
