
Microsoft Visual Studio Solution File, Format Version 12.00
# Visual Studio Version 17
VisualStudioVersion = 17.5.33516.290
MinimumVisualStudioVersion = 10.0.40219.1
Project("{FAE04EC0-301F-11D3-BF4B-00C04F79EFBC}") = "Delegados", "Delegados\Delegados.csproj", "{E0A1A379-3A79-46C1-818C-7B56219BA307}"
EndProject
Global
	GlobalSection(SolutionConfigurationPlatforms) = preSolution
		Debug|Any CPU = Debug|Any CPU
		Release|Any CPU = Release|Any CPU
	EndGlobalSection
	GlobalSection(ProjectConfigurationPlatforms) = postSolution
		{E0A1A379-3A79-46C1-818C-7B56219BA307}.Debug|Any CPU.ActiveCfg = Debug|Any CPU
		{E0A1A379-3A79-46C1-818C-7B56219BA307}.Debug|Any CPU.Build.0 = Debug|Any CPU
		{E0A1A379-3A79-46C1-818C-7B56219BA307}.Release|Any CPU.ActiveCfg = Release|Any CPU
		{E0A1A379-3A79-46C1-818C-7B56219BA307}.Release|Any CPU.Build.0 = Release|Any CPU
	EndGlobalSection
	GlobalSection(SolutionProperties) = preSolution
		HideSolutionNode = FALSE
	EndGlobalSection
	GlobalSection(ExtensibilityGlobals) = postSolution
		SolutionGuid = {21D11C57-02B8-4D47-B875-D631C1CBF92F}
	EndGlobalSection
EndGlobal
