
Microsoft Visual Studio Solution File, Format Version 12.00
# Visual Studio Version 17
VisualStudioVersion = 17.5.33516.290
MinimumVisualStudioVersion = 10.0.40219.1
Project("{FAE04EC0-301F-11D3-BF4B-00C04F79EFBC}") = "Eventos", "Eventos\Eventos.csproj", "{52BA8375-0074-4AB2-B967-27BF4E7B309A}"
EndProject
Project("{FAE04EC0-301F-11D3-BF4B-00C04F79EFBC}") = "Entidades", "Entidades\Entidades.csproj", "{CC296168-6986-40BE-8F7F-790F604CCAEE}"
EndProject
Global
	GlobalSection(SolutionConfigurationPlatforms) = preSolution
		Debug|Any CPU = Debug|Any CPU
		Release|Any CPU = Release|Any CPU
	EndGlobalSection
	GlobalSection(ProjectConfigurationPlatforms) = postSolution
		{52BA8375-0074-4AB2-B967-27BF4E7B309A}.Debug|Any CPU.ActiveCfg = Debug|Any CPU
		{52BA8375-0074-4AB2-B967-27BF4E7B309A}.Debug|Any CPU.Build.0 = Debug|Any CPU
		{52BA8375-0074-4AB2-B967-27BF4E7B309A}.Release|Any CPU.ActiveCfg = Release|Any CPU
		{52BA8375-0074-4AB2-B967-27BF4E7B309A}.Release|Any CPU.Build.0 = Release|Any CPU
		{CC296168-6986-40BE-8F7F-790F604CCAEE}.Debug|Any CPU.ActiveCfg = Debug|Any CPU
		{CC296168-6986-40BE-8F7F-790F604CCAEE}.Debug|Any CPU.Build.0 = Debug|Any CPU
		{CC296168-6986-40BE-8F7F-790F604CCAEE}.Release|Any CPU.ActiveCfg = Release|Any CPU
		{CC296168-6986-40BE-8F7F-790F604CCAEE}.Release|Any CPU.Build.0 = Release|Any CPU
	EndGlobalSection
	GlobalSection(SolutionProperties) = preSolution
		HideSolutionNode = FALSE
	EndGlobalSection
	GlobalSection(ExtensibilityGlobals) = postSolution
		SolutionGuid = {EAFF06DF-5D7B-497F-8E14-3ACD423BBE44}
	EndGlobalSection
EndGlobal
