
Microsoft Visual Studio Solution File, Format Version 12.00
# Visual Studio Version 17
VisualStudioVersion = 17.5.33516.290
MinimumVisualStudioVersion = 10.0.40219.1
Project("{9A19103F-16F7-4668-BE54-9A1E7A4F7556}") = "WindowForms", "WindowForms\WindowForms.csproj", "{F03782A7-3141-4490-A8BD-EB52E74782AE}"
EndProject
Project("{9A19103F-16F7-4668-BE54-9A1E7A4F7556}") = "Entidades", "Entidades\Entidades.csproj", "{8CDD1DC0-6B26-4779-B654-B5C71922E412}"
EndProject
Project("{FAE04EC0-301F-11D3-BF4B-00C04F79EFBC}") = "PruebaCotizacion", "PruebaCotizacion\PruebaCotizacion.csproj", "{9389EEAB-CA50-4E57-9754-1E8031FEA5A5}"
EndProject
Global
	GlobalSection(SolutionConfigurationPlatforms) = preSolution
		Debug|Any CPU = Debug|Any CPU
		Release|Any CPU = Release|Any CPU
	EndGlobalSection
	GlobalSection(ProjectConfigurationPlatforms) = postSolution
		{F03782A7-3141-4490-A8BD-EB52E74782AE}.Debug|Any CPU.ActiveCfg = Debug|Any CPU
		{F03782A7-3141-4490-A8BD-EB52E74782AE}.Debug|Any CPU.Build.0 = Debug|Any CPU
		{F03782A7-3141-4490-A8BD-EB52E74782AE}.Release|Any CPU.ActiveCfg = Release|Any CPU
		{F03782A7-3141-4490-A8BD-EB52E74782AE}.Release|Any CPU.Build.0 = Release|Any CPU
		{8CDD1DC0-6B26-4779-B654-B5C71922E412}.Debug|Any CPU.ActiveCfg = Debug|Any CPU
		{8CDD1DC0-6B26-4779-B654-B5C71922E412}.Debug|Any CPU.Build.0 = Debug|Any CPU
		{8CDD1DC0-6B26-4779-B654-B5C71922E412}.Release|Any CPU.ActiveCfg = Release|Any CPU
		{8CDD1DC0-6B26-4779-B654-B5C71922E412}.Release|Any CPU.Build.0 = Release|Any CPU
		{9389EEAB-CA50-4E57-9754-1E8031FEA5A5}.Debug|Any CPU.ActiveCfg = Debug|Any CPU
		{9389EEAB-CA50-4E57-9754-1E8031FEA5A5}.Debug|Any CPU.Build.0 = Debug|Any CPU
		{9389EEAB-CA50-4E57-9754-1E8031FEA5A5}.Release|Any CPU.ActiveCfg = Release|Any CPU
		{9389EEAB-CA50-4E57-9754-1E8031FEA5A5}.Release|Any CPU.Build.0 = Release|Any CPU
	EndGlobalSection
	GlobalSection(SolutionProperties) = preSolution
		HideSolutionNode = FALSE
	EndGlobalSection
	GlobalSection(ExtensibilityGlobals) = postSolution
		SolutionGuid = {307D4057-54E2-46B9-92E5-075CBA893AFC}
	EndGlobalSection
EndGlobal
