
Microsoft Visual Studio Solution File, Format Version 12.00
# Visual Studio Version 17
VisualStudioVersion = 17.5.33516.290
MinimumVisualStudioVersion = 10.0.40219.1
Project("{FAE04EC0-301F-11D3-BF4B-00C04F79EFBC}") = "Ejercicio02", "Ejercicio02\Ejercicio02.csproj", "{2217C39B-67B3-4BC0-8F45-6621C1FA68B7}"
EndProject
Project("{FAE04EC0-301F-11D3-BF4B-00C04F79EFBC}") = "Entidades", "Entidades\Entidades.csproj", "{AB26D874-264A-4EDB-B712-04F5A777610F}"
EndProject
Global
	GlobalSection(SolutionConfigurationPlatforms) = preSolution
		Debug|Any CPU = Debug|Any CPU
		Release|Any CPU = Release|Any CPU
	EndGlobalSection
	GlobalSection(ProjectConfigurationPlatforms) = postSolution
		{2217C39B-67B3-4BC0-8F45-6621C1FA68B7}.Debug|Any CPU.ActiveCfg = Debug|Any CPU
		{2217C39B-67B3-4BC0-8F45-6621C1FA68B7}.Debug|Any CPU.Build.0 = Debug|Any CPU
		{2217C39B-67B3-4BC0-8F45-6621C1FA68B7}.Release|Any CPU.ActiveCfg = Release|Any CPU
		{2217C39B-67B3-4BC0-8F45-6621C1FA68B7}.Release|Any CPU.Build.0 = Release|Any CPU
		{AB26D874-264A-4EDB-B712-04F5A777610F}.Debug|Any CPU.ActiveCfg = Debug|Any CPU
		{AB26D874-264A-4EDB-B712-04F5A777610F}.Debug|Any CPU.Build.0 = Debug|Any CPU
		{AB26D874-264A-4EDB-B712-04F5A777610F}.Release|Any CPU.ActiveCfg = Release|Any CPU
		{AB26D874-264A-4EDB-B712-04F5A777610F}.Release|Any CPU.Build.0 = Release|Any CPU
	EndGlobalSection
	GlobalSection(SolutionProperties) = preSolution
		HideSolutionNode = FALSE
	EndGlobalSection
	GlobalSection(ExtensibilityGlobals) = postSolution
		SolutionGuid = {1FB372C4-814D-4F5F-B96B-700A753E67BC}
	EndGlobalSection
EndGlobal
