
Microsoft Visual Studio Solution File, Format Version 12.00
# Visual Studio Version 17
VisualStudioVersion = 17.5.33516.290
MinimumVisualStudioVersion = 10.0.40219.1
Project("{9A19103F-16F7-4668-BE54-9A1E7A4F7556}") = "Ejercicio01", "Ejercicio01\Ejercicio01.csproj", "{28D2EE01-AFFD-4CDD-A16D-EF7537BDE515}"
EndProject
Project("{9A19103F-16F7-4668-BE54-9A1E7A4F7556}") = "Ejercicio02", "Ejericio02\Ejercicio02.csproj", "{2E63C692-F0EE-4D14-AD70-4B77EA35DCBB}"
EndProject
Project("{9A19103F-16F7-4668-BE54-9A1E7A4F7556}") = "Ejercicio03", "Ejercicio03\Ejercicio03.csproj", "{1DA9B15B-C09D-4438-A289-92EAE01F79FE}"
EndProject
Project("{9A19103F-16F7-4668-BE54-9A1E7A4F7556}") = "Ejercicio04", "Ejercicio04\Ejercicio04.csproj", "{B87E4443-5669-4BF8-8F1A-CDA59EE15622}"
EndProject
Project("{9A19103F-16F7-4668-BE54-9A1E7A4F7556}") = "Ejercicio07", "Ejercicio07\Ejercicio07.csproj", "{C846C044-5362-4A08-9C08-CDACDB1C201D}"
EndProject
Project("{9A19103F-16F7-4668-BE54-9A1E7A4F7556}") = "Ejercicio08", "Ejercicio08\Ejercicio08.csproj", "{0BBC90A4-1551-410E-AFCF-D557A2D9DC2D}"
EndProject
Project("{9A19103F-16F7-4668-BE54-9A1E7A4F7556}") = "Ejercicio05", "Ejercicio05\Ejercicio05.csproj", "{9EC36D7E-3A67-4BAE-894E-2849409C229C}"
EndProject
Project("{9A19103F-16F7-4668-BE54-9A1E7A4F7556}") = "Ejercicio10", "Ejercicio10\Ejercicio10.csproj", "{24777B44-0CC2-4068-8523-77B5E9532A48}"
EndProject
Project("{9A19103F-16F7-4668-BE54-9A1E7A4F7556}") = "Ejercicio11", "Ejercicio11\Ejercicio11.csproj", "{2D700995-6721-40B6-9E4C-70B62F18B952}"
EndProject
Project("{9A19103F-16F7-4668-BE54-9A1E7A4F7556}") = "Ejercicio12", "Ejercicio12\Ejercicio12.csproj", "{FCE7A793-C0B4-428C-A80E-8A698CFF2A47}"
EndProject
Project("{9A19103F-16F7-4668-BE54-9A1E7A4F7556}") = "Ejercicio13", "Ejercicio13\Ejercicio13.csproj", "{C5652266-496E-497F-99BA-D56548027D69}"
EndProject
Project("{9A19103F-16F7-4668-BE54-9A1E7A4F7556}") = "Ejercicio14", "Ejercicio14\Ejercicio14.csproj", "{171048B1-9E35-48CA-85B5-C855D61C9544}"
EndProject
Project("{9A19103F-16F7-4668-BE54-9A1E7A4F7556}") = "Ejercicio15", "Ejercicio15\Ejercicio15.csproj", "{BC2555F1-EF0A-4AA7-8429-7C9D735484E8}"
EndProject
Project("{9A19103F-16F7-4668-BE54-9A1E7A4F7556}") = "Ejercicio16", "Ejercicio16\Ejercicio16.csproj", "{CD7CA056-7281-410B-BB7A-BE353B524C1C}"
EndProject
Project("{9A19103F-16F7-4668-BE54-9A1E7A4F7556}") = "Ejercicio17", "Ejercicio17\Ejercicio17.csproj", "{5DE7EAAD-EC28-45FE-A1A7-2B039974DDAC}"
EndProject
Project("{9A19103F-16F7-4668-BE54-9A1E7A4F7556}") = "Ejercicio18", "Ejercicio18\Ejercicio18.csproj", "{7EED1058-4057-4F71-AB4A-35183F1B3B20}"
EndProject
Project("{9A19103F-16F7-4668-BE54-9A1E7A4F7556}") = "Ejercicio19", "Ejercicio19\Ejercicio19.csproj", "{B334BA66-20FC-4756-9ED4-9FA718F74618}"
EndProject
Project("{9A19103F-16F7-4668-BE54-9A1E7A4F7556}") = "Ejercicio20", "Ejercicio20\Ejercicio20.csproj", "{6C737EA9-1D4F-4848-912A-77F60A6A482C}"
EndProject
Project("{9A19103F-16F7-4668-BE54-9A1E7A4F7556}") = "Ejercicio21", "Ejercicio21\Ejercicio21.csproj", "{8F5A781B-C4B9-486F-AD19-B71E3E619219}"
EndProject
Project("{9A19103F-16F7-4668-BE54-9A1E7A4F7556}") = "Ejercicio06", "Ejercicio06\Ejercicio06.csproj", "{530D822F-AED2-4F71-A1D2-42462F8BF967}"
EndProject
Project("{9A19103F-16F7-4668-BE54-9A1E7A4F7556}") = "Ejercicio09", "Ejercicio09\Ejercicio09.csproj", "{7372723A-FF1D-4660-AD67-D7928021A019}"
EndProject
Project("{9A19103F-16F7-4668-BE54-9A1E7A4F7556}") = "Entidades", "Entidades\Entidades.csproj", "{876E78FA-5184-4EB4-AE0E-D82A7AD991CF}"
EndProject
Project("{9A19103F-16F7-4668-BE54-9A1E7A4F7556}") = "Ejercicio22", "Ejercicio22\Ejercicio22.csproj", "{ADC55190-B9B7-4CFA-B2AF-D28C9E70BD1A}"
EndProject
Project("{9A19103F-16F7-4668-BE54-9A1E7A4F7556}") = "Ejercicio23", "Ejercicio23\Ejercicio23.csproj", "{1D9C3636-5C54-4F4E-B24B-48C88F85524A}"
EndProject
Project("{9A19103F-16F7-4668-BE54-9A1E7A4F7556}") = "Geometria", "Geometria\Geometria.csproj", "{C475B013-DB3B-461D-B7C9-17883B6704A1}"
EndProject
Project("{9A19103F-16F7-4668-BE54-9A1E7A4F7556}") = "Ejercicio24", "Ejercicio24\Ejercicio24.csproj", "{1DCD69DA-B80E-4D6C-AFA7-6F1C187426FB}"
EndProject
Project("{9A19103F-16F7-4668-BE54-9A1E7A4F7556}") = "Ejercicio25", "Ejercicio25\Ejercicio25.csproj", "{0F70870B-645E-4624-A990-6961077CD6C4}"
EndProject
Project("{9A19103F-16F7-4668-BE54-9A1E7A4F7556}") = "veterinaria", "veterinaria\veterinaria.csproj", "{E15B863B-BBA6-405E-9E67-229BBE9E9858}"
EndProject
Project("{9A19103F-16F7-4668-BE54-9A1E7A4F7556}") = "Ejercicio26", "Ejercicio26\Ejercicio26.csproj", "{249CD9C2-9923-4B3F-AEF1-0355E24F04CF}"
EndProject
Project("{9A19103F-16F7-4668-BE54-9A1E7A4F7556}") = "Ejercicio27", "Ejercicio27\Ejercicio27.csproj", "{A0EA8792-435C-4FC0-9C94-F815A2888C63}"
EndProject
Project("{9A19103F-16F7-4668-BE54-9A1E7A4F7556}") = "Ejercicio28", "Ejercicio28\Ejercicio28.csproj", "{21F3B363-CCEF-46BA-950F-95DDF6791375}"
EndProject
Project("{9A19103F-16F7-4668-BE54-9A1E7A4F7556}") = "Billetes", "Billetes\Billetes.csproj", "{4CF3E351-4D87-4E26-966A-9077136B9191}"
EndProject
Project("{9A19103F-16F7-4668-BE54-9A1E7A4F7556}") = "Ejercicio29", "Ejercicio29\Ejercicio29.csproj", "{AB883C34-A5D7-4B3F-A59A-D8B14C9B7CE0}"
EndProject
Project("{FAE04EC0-301F-11D3-BF4B-00C04F79EFBC}") = "Ejercicio30", "Ejercicio30\Ejercicio30.csproj", "{3CB14016-2F99-4471-85AC-3AB71582B4F9}"
EndProject
Global
	GlobalSection(SolutionConfigurationPlatforms) = preSolution
		Debug|Any CPU = Debug|Any CPU
		Release|Any CPU = Release|Any CPU
	EndGlobalSection
	GlobalSection(ProjectConfigurationPlatforms) = postSolution
		{28D2EE01-AFFD-4CDD-A16D-EF7537BDE515}.Debug|Any CPU.ActiveCfg = Debug|Any CPU
		{28D2EE01-AFFD-4CDD-A16D-EF7537BDE515}.Debug|Any CPU.Build.0 = Debug|Any CPU
		{28D2EE01-AFFD-4CDD-A16D-EF7537BDE515}.Release|Any CPU.ActiveCfg = Release|Any CPU
		{28D2EE01-AFFD-4CDD-A16D-EF7537BDE515}.Release|Any CPU.Build.0 = Release|Any CPU
		{2E63C692-F0EE-4D14-AD70-4B77EA35DCBB}.Debug|Any CPU.ActiveCfg = Debug|Any CPU
		{2E63C692-F0EE-4D14-AD70-4B77EA35DCBB}.Debug|Any CPU.Build.0 = Debug|Any CPU
		{2E63C692-F0EE-4D14-AD70-4B77EA35DCBB}.Release|Any CPU.ActiveCfg = Release|Any CPU
		{2E63C692-F0EE-4D14-AD70-4B77EA35DCBB}.Release|Any CPU.Build.0 = Release|Any CPU
		{1DA9B15B-C09D-4438-A289-92EAE01F79FE}.Debug|Any CPU.ActiveCfg = Debug|Any CPU
		{1DA9B15B-C09D-4438-A289-92EAE01F79FE}.Debug|Any CPU.Build.0 = Debug|Any CPU
		{1DA9B15B-C09D-4438-A289-92EAE01F79FE}.Release|Any CPU.ActiveCfg = Release|Any CPU
		{1DA9B15B-C09D-4438-A289-92EAE01F79FE}.Release|Any CPU.Build.0 = Release|Any CPU
		{B87E4443-5669-4BF8-8F1A-CDA59EE15622}.Debug|Any CPU.ActiveCfg = Debug|Any CPU
		{B87E4443-5669-4BF8-8F1A-CDA59EE15622}.Debug|Any CPU.Build.0 = Debug|Any CPU
		{B87E4443-5669-4BF8-8F1A-CDA59EE15622}.Release|Any CPU.ActiveCfg = Release|Any CPU
		{B87E4443-5669-4BF8-8F1A-CDA59EE15622}.Release|Any CPU.Build.0 = Release|Any CPU
		{C846C044-5362-4A08-9C08-CDACDB1C201D}.Debug|Any CPU.ActiveCfg = Debug|Any CPU
		{C846C044-5362-4A08-9C08-CDACDB1C201D}.Debug|Any CPU.Build.0 = Debug|Any CPU
		{C846C044-5362-4A08-9C08-CDACDB1C201D}.Release|Any CPU.ActiveCfg = Release|Any CPU
		{C846C044-5362-4A08-9C08-CDACDB1C201D}.Release|Any CPU.Build.0 = Release|Any CPU
		{0BBC90A4-1551-410E-AFCF-D557A2D9DC2D}.Debug|Any CPU.ActiveCfg = Debug|Any CPU
		{0BBC90A4-1551-410E-AFCF-D557A2D9DC2D}.Debug|Any CPU.Build.0 = Debug|Any CPU
		{0BBC90A4-1551-410E-AFCF-D557A2D9DC2D}.Release|Any CPU.ActiveCfg = Release|Any CPU
		{0BBC90A4-1551-410E-AFCF-D557A2D9DC2D}.Release|Any CPU.Build.0 = Release|Any CPU
		{9EC36D7E-3A67-4BAE-894E-2849409C229C}.Debug|Any CPU.ActiveCfg = Debug|Any CPU
		{9EC36D7E-3A67-4BAE-894E-2849409C229C}.Debug|Any CPU.Build.0 = Debug|Any CPU
		{9EC36D7E-3A67-4BAE-894E-2849409C229C}.Release|Any CPU.ActiveCfg = Release|Any CPU
		{9EC36D7E-3A67-4BAE-894E-2849409C229C}.Release|Any CPU.Build.0 = Release|Any CPU
		{24777B44-0CC2-4068-8523-77B5E9532A48}.Debug|Any CPU.ActiveCfg = Debug|Any CPU
		{24777B44-0CC2-4068-8523-77B5E9532A48}.Debug|Any CPU.Build.0 = Debug|Any CPU
		{24777B44-0CC2-4068-8523-77B5E9532A48}.Release|Any CPU.ActiveCfg = Release|Any CPU
		{24777B44-0CC2-4068-8523-77B5E9532A48}.Release|Any CPU.Build.0 = Release|Any CPU
		{2D700995-6721-40B6-9E4C-70B62F18B952}.Debug|Any CPU.ActiveCfg = Debug|Any CPU
		{2D700995-6721-40B6-9E4C-70B62F18B952}.Debug|Any CPU.Build.0 = Debug|Any CPU
		{2D700995-6721-40B6-9E4C-70B62F18B952}.Release|Any CPU.ActiveCfg = Release|Any CPU
		{2D700995-6721-40B6-9E4C-70B62F18B952}.Release|Any CPU.Build.0 = Release|Any CPU
		{FCE7A793-C0B4-428C-A80E-8A698CFF2A47}.Debug|Any CPU.ActiveCfg = Debug|Any CPU
		{FCE7A793-C0B4-428C-A80E-8A698CFF2A47}.Debug|Any CPU.Build.0 = Debug|Any CPU
		{FCE7A793-C0B4-428C-A80E-8A698CFF2A47}.Release|Any CPU.ActiveCfg = Release|Any CPU
		{FCE7A793-C0B4-428C-A80E-8A698CFF2A47}.Release|Any CPU.Build.0 = Release|Any CPU
		{C5652266-496E-497F-99BA-D56548027D69}.Debug|Any CPU.ActiveCfg = Debug|Any CPU
		{C5652266-496E-497F-99BA-D56548027D69}.Debug|Any CPU.Build.0 = Debug|Any CPU
		{C5652266-496E-497F-99BA-D56548027D69}.Release|Any CPU.ActiveCfg = Release|Any CPU
		{C5652266-496E-497F-99BA-D56548027D69}.Release|Any CPU.Build.0 = Release|Any CPU
		{171048B1-9E35-48CA-85B5-C855D61C9544}.Debug|Any CPU.ActiveCfg = Debug|Any CPU
		{171048B1-9E35-48CA-85B5-C855D61C9544}.Debug|Any CPU.Build.0 = Debug|Any CPU
		{171048B1-9E35-48CA-85B5-C855D61C9544}.Release|Any CPU.ActiveCfg = Release|Any CPU
		{171048B1-9E35-48CA-85B5-C855D61C9544}.Release|Any CPU.Build.0 = Release|Any CPU
		{BC2555F1-EF0A-4AA7-8429-7C9D735484E8}.Debug|Any CPU.ActiveCfg = Debug|Any CPU
		{BC2555F1-EF0A-4AA7-8429-7C9D735484E8}.Debug|Any CPU.Build.0 = Debug|Any CPU
		{BC2555F1-EF0A-4AA7-8429-7C9D735484E8}.Release|Any CPU.ActiveCfg = Release|Any CPU
		{BC2555F1-EF0A-4AA7-8429-7C9D735484E8}.Release|Any CPU.Build.0 = Release|Any CPU
		{CD7CA056-7281-410B-BB7A-BE353B524C1C}.Debug|Any CPU.ActiveCfg = Debug|Any CPU
		{CD7CA056-7281-410B-BB7A-BE353B524C1C}.Debug|Any CPU.Build.0 = Debug|Any CPU
		{CD7CA056-7281-410B-BB7A-BE353B524C1C}.Release|Any CPU.ActiveCfg = Release|Any CPU
		{CD7CA056-7281-410B-BB7A-BE353B524C1C}.Release|Any CPU.Build.0 = Release|Any CPU
		{5DE7EAAD-EC28-45FE-A1A7-2B039974DDAC}.Debug|Any CPU.ActiveCfg = Debug|Any CPU
		{5DE7EAAD-EC28-45FE-A1A7-2B039974DDAC}.Debug|Any CPU.Build.0 = Debug|Any CPU
		{5DE7EAAD-EC28-45FE-A1A7-2B039974DDAC}.Release|Any CPU.ActiveCfg = Release|Any CPU
		{5DE7EAAD-EC28-45FE-A1A7-2B039974DDAC}.Release|Any CPU.Build.0 = Release|Any CPU
		{7EED1058-4057-4F71-AB4A-35183F1B3B20}.Debug|Any CPU.ActiveCfg = Debug|Any CPU
		{7EED1058-4057-4F71-AB4A-35183F1B3B20}.Debug|Any CPU.Build.0 = Debug|Any CPU
		{7EED1058-4057-4F71-AB4A-35183F1B3B20}.Release|Any CPU.ActiveCfg = Release|Any CPU
		{7EED1058-4057-4F71-AB4A-35183F1B3B20}.Release|Any CPU.Build.0 = Release|Any CPU
		{B334BA66-20FC-4756-9ED4-9FA718F74618}.Debug|Any CPU.ActiveCfg = Debug|Any CPU
		{B334BA66-20FC-4756-9ED4-9FA718F74618}.Debug|Any CPU.Build.0 = Debug|Any CPU
		{B334BA66-20FC-4756-9ED4-9FA718F74618}.Release|Any CPU.ActiveCfg = Release|Any CPU
		{B334BA66-20FC-4756-9ED4-9FA718F74618}.Release|Any CPU.Build.0 = Release|Any CPU
		{6C737EA9-1D4F-4848-912A-77F60A6A482C}.Debug|Any CPU.ActiveCfg = Debug|Any CPU
		{6C737EA9-1D4F-4848-912A-77F60A6A482C}.Debug|Any CPU.Build.0 = Debug|Any CPU
		{6C737EA9-1D4F-4848-912A-77F60A6A482C}.Release|Any CPU.ActiveCfg = Release|Any CPU
		{6C737EA9-1D4F-4848-912A-77F60A6A482C}.Release|Any CPU.Build.0 = Release|Any CPU
		{8F5A781B-C4B9-486F-AD19-B71E3E619219}.Debug|Any CPU.ActiveCfg = Debug|Any CPU
		{8F5A781B-C4B9-486F-AD19-B71E3E619219}.Debug|Any CPU.Build.0 = Debug|Any CPU
		{8F5A781B-C4B9-486F-AD19-B71E3E619219}.Release|Any CPU.ActiveCfg = Release|Any CPU
		{8F5A781B-C4B9-486F-AD19-B71E3E619219}.Release|Any CPU.Build.0 = Release|Any CPU
		{530D822F-AED2-4F71-A1D2-42462F8BF967}.Debug|Any CPU.ActiveCfg = Debug|Any CPU
		{530D822F-AED2-4F71-A1D2-42462F8BF967}.Debug|Any CPU.Build.0 = Debug|Any CPU
		{530D822F-AED2-4F71-A1D2-42462F8BF967}.Release|Any CPU.ActiveCfg = Release|Any CPU
		{530D822F-AED2-4F71-A1D2-42462F8BF967}.Release|Any CPU.Build.0 = Release|Any CPU
		{7372723A-FF1D-4660-AD67-D7928021A019}.Debug|Any CPU.ActiveCfg = Debug|Any CPU
		{7372723A-FF1D-4660-AD67-D7928021A019}.Debug|Any CPU.Build.0 = Debug|Any CPU
		{7372723A-FF1D-4660-AD67-D7928021A019}.Release|Any CPU.ActiveCfg = Release|Any CPU
		{7372723A-FF1D-4660-AD67-D7928021A019}.Release|Any CPU.Build.0 = Release|Any CPU
		{876E78FA-5184-4EB4-AE0E-D82A7AD991CF}.Debug|Any CPU.ActiveCfg = Debug|Any CPU
		{876E78FA-5184-4EB4-AE0E-D82A7AD991CF}.Debug|Any CPU.Build.0 = Debug|Any CPU
		{876E78FA-5184-4EB4-AE0E-D82A7AD991CF}.Release|Any CPU.ActiveCfg = Release|Any CPU
		{876E78FA-5184-4EB4-AE0E-D82A7AD991CF}.Release|Any CPU.Build.0 = Release|Any CPU
		{ADC55190-B9B7-4CFA-B2AF-D28C9E70BD1A}.Debug|Any CPU.ActiveCfg = Debug|Any CPU
		{ADC55190-B9B7-4CFA-B2AF-D28C9E70BD1A}.Debug|Any CPU.Build.0 = Debug|Any CPU
		{ADC55190-B9B7-4CFA-B2AF-D28C9E70BD1A}.Release|Any CPU.ActiveCfg = Release|Any CPU
		{ADC55190-B9B7-4CFA-B2AF-D28C9E70BD1A}.Release|Any CPU.Build.0 = Release|Any CPU
		{1D9C3636-5C54-4F4E-B24B-48C88F85524A}.Debug|Any CPU.ActiveCfg = Debug|Any CPU
		{1D9C3636-5C54-4F4E-B24B-48C88F85524A}.Debug|Any CPU.Build.0 = Debug|Any CPU
		{1D9C3636-5C54-4F4E-B24B-48C88F85524A}.Release|Any CPU.ActiveCfg = Release|Any CPU
		{1D9C3636-5C54-4F4E-B24B-48C88F85524A}.Release|Any CPU.Build.0 = Release|Any CPU
		{C475B013-DB3B-461D-B7C9-17883B6704A1}.Debug|Any CPU.ActiveCfg = Debug|Any CPU
		{C475B013-DB3B-461D-B7C9-17883B6704A1}.Debug|Any CPU.Build.0 = Debug|Any CPU
		{C475B013-DB3B-461D-B7C9-17883B6704A1}.Release|Any CPU.ActiveCfg = Release|Any CPU
		{C475B013-DB3B-461D-B7C9-17883B6704A1}.Release|Any CPU.Build.0 = Release|Any CPU
		{1DCD69DA-B80E-4D6C-AFA7-6F1C187426FB}.Debug|Any CPU.ActiveCfg = Debug|Any CPU
		{1DCD69DA-B80E-4D6C-AFA7-6F1C187426FB}.Debug|Any CPU.Build.0 = Debug|Any CPU
		{1DCD69DA-B80E-4D6C-AFA7-6F1C187426FB}.Release|Any CPU.ActiveCfg = Release|Any CPU
		{1DCD69DA-B80E-4D6C-AFA7-6F1C187426FB}.Release|Any CPU.Build.0 = Release|Any CPU
		{0F70870B-645E-4624-A990-6961077CD6C4}.Debug|Any CPU.ActiveCfg = Debug|Any CPU
		{0F70870B-645E-4624-A990-6961077CD6C4}.Debug|Any CPU.Build.0 = Debug|Any CPU
		{0F70870B-645E-4624-A990-6961077CD6C4}.Release|Any CPU.ActiveCfg = Release|Any CPU
		{0F70870B-645E-4624-A990-6961077CD6C4}.Release|Any CPU.Build.0 = Release|Any CPU
		{E15B863B-BBA6-405E-9E67-229BBE9E9858}.Debug|Any CPU.ActiveCfg = Debug|Any CPU
		{E15B863B-BBA6-405E-9E67-229BBE9E9858}.Debug|Any CPU.Build.0 = Debug|Any CPU
		{E15B863B-BBA6-405E-9E67-229BBE9E9858}.Release|Any CPU.ActiveCfg = Release|Any CPU
		{E15B863B-BBA6-405E-9E67-229BBE9E9858}.Release|Any CPU.Build.0 = Release|Any CPU
		{249CD9C2-9923-4B3F-AEF1-0355E24F04CF}.Debug|Any CPU.ActiveCfg = Debug|Any CPU
		{249CD9C2-9923-4B3F-AEF1-0355E24F04CF}.Debug|Any CPU.Build.0 = Debug|Any CPU
		{249CD9C2-9923-4B3F-AEF1-0355E24F04CF}.Release|Any CPU.ActiveCfg = Release|Any CPU
		{249CD9C2-9923-4B3F-AEF1-0355E24F04CF}.Release|Any CPU.Build.0 = Release|Any CPU
		{A0EA8792-435C-4FC0-9C94-F815A2888C63}.Debug|Any CPU.ActiveCfg = Debug|Any CPU
		{A0EA8792-435C-4FC0-9C94-F815A2888C63}.Debug|Any CPU.Build.0 = Debug|Any CPU
		{A0EA8792-435C-4FC0-9C94-F815A2888C63}.Release|Any CPU.ActiveCfg = Release|Any CPU
		{A0EA8792-435C-4FC0-9C94-F815A2888C63}.Release|Any CPU.Build.0 = Release|Any CPU
		{21F3B363-CCEF-46BA-950F-95DDF6791375}.Debug|Any CPU.ActiveCfg = Debug|Any CPU
		{21F3B363-CCEF-46BA-950F-95DDF6791375}.Debug|Any CPU.Build.0 = Debug|Any CPU
		{21F3B363-CCEF-46BA-950F-95DDF6791375}.Release|Any CPU.ActiveCfg = Release|Any CPU
		{21F3B363-CCEF-46BA-950F-95DDF6791375}.Release|Any CPU.Build.0 = Release|Any CPU
		{4CF3E351-4D87-4E26-966A-9077136B9191}.Debug|Any CPU.ActiveCfg = Debug|Any CPU
		{4CF3E351-4D87-4E26-966A-9077136B9191}.Debug|Any CPU.Build.0 = Debug|Any CPU
		{4CF3E351-4D87-4E26-966A-9077136B9191}.Release|Any CPU.ActiveCfg = Release|Any CPU
		{4CF3E351-4D87-4E26-966A-9077136B9191}.Release|Any CPU.Build.0 = Release|Any CPU
		{AB883C34-A5D7-4B3F-A59A-D8B14C9B7CE0}.Debug|Any CPU.ActiveCfg = Debug|Any CPU
		{AB883C34-A5D7-4B3F-A59A-D8B14C9B7CE0}.Debug|Any CPU.Build.0 = Debug|Any CPU
		{AB883C34-A5D7-4B3F-A59A-D8B14C9B7CE0}.Release|Any CPU.ActiveCfg = Release|Any CPU
		{AB883C34-A5D7-4B3F-A59A-D8B14C9B7CE0}.Release|Any CPU.Build.0 = Release|Any CPU
		{3CB14016-2F99-4471-85AC-3AB71582B4F9}.Debug|Any CPU.ActiveCfg = Debug|Any CPU
		{3CB14016-2F99-4471-85AC-3AB71582B4F9}.Debug|Any CPU.Build.0 = Debug|Any CPU
		{3CB14016-2F99-4471-85AC-3AB71582B4F9}.Release|Any CPU.ActiveCfg = Release|Any CPU
		{3CB14016-2F99-4471-85AC-3AB71582B4F9}.Release|Any CPU.Build.0 = Release|Any CPU
	EndGlobalSection
	GlobalSection(SolutionProperties) = preSolution
		HideSolutionNode = FALSE
	EndGlobalSection
	GlobalSection(ExtensibilityGlobals) = postSolution
		SolutionGuid = {1A1C555B-F809-48B7-A8F9-7BD7FEBA870C}
	EndGlobalSection
EndGlobal
