
Microsoft Visual Studio Solution File, Format Version 12.00
# Visual Studio Version 17
VisualStudioVersion = 17.5.33516.290
MinimumVisualStudioVersion = 10.0.40219.1
Project("{9A19103F-16F7-4668-BE54-9A1E7A4F7556}") = "Ejercicio01", "Ejercicio01\Ejercicio01.csproj", "{95BD8584-DE2D-486A-9B36-0CD43C4FD03A}"
EndProject
Project("{9A19103F-16F7-4668-BE54-9A1E7A4F7556}") = "Prueba", "Prueba\Prueba.csproj", "{75A301B4-4557-446B-9D43-E53527C1E7B3}"
EndProject
Project("{FAE04EC0-301F-11D3-BF4B-00C04F79EFBC}") = "Ejercicio02", "Ejercicio02\Ejercicio02.csproj", "{89FAEFAD-92C1-43A0-BBBC-F5045C70C01D}"
EndProject
Global
	GlobalSection(SolutionConfigurationPlatforms) = preSolution
		Debug|Any CPU = Debug|Any CPU
		Release|Any CPU = Release|Any CPU
	EndGlobalSection
	GlobalSection(ProjectConfigurationPlatforms) = postSolution
		{95BD8584-DE2D-486A-9B36-0CD43C4FD03A}.Debug|Any CPU.ActiveCfg = Debug|Any CPU
		{95BD8584-DE2D-486A-9B36-0CD43C4FD03A}.Debug|Any CPU.Build.0 = Debug|Any CPU
		{95BD8584-DE2D-486A-9B36-0CD43C4FD03A}.Release|Any CPU.ActiveCfg = Release|Any CPU
		{95BD8584-DE2D-486A-9B36-0CD43C4FD03A}.Release|Any CPU.Build.0 = Release|Any CPU
		{75A301B4-4557-446B-9D43-E53527C1E7B3}.Debug|Any CPU.ActiveCfg = Debug|Any CPU
		{75A301B4-4557-446B-9D43-E53527C1E7B3}.Debug|Any CPU.Build.0 = Debug|Any CPU
		{75A301B4-4557-446B-9D43-E53527C1E7B3}.Release|Any CPU.ActiveCfg = Release|Any CPU
		{75A301B4-4557-446B-9D43-E53527C1E7B3}.Release|Any CPU.Build.0 = Release|Any CPU
		{89FAEFAD-92C1-43A0-BBBC-F5045C70C01D}.Debug|Any CPU.ActiveCfg = Debug|Any CPU
		{89FAEFAD-92C1-43A0-BBBC-F5045C70C01D}.Debug|Any CPU.Build.0 = Debug|Any CPU
		{89FAEFAD-92C1-43A0-BBBC-F5045C70C01D}.Release|Any CPU.ActiveCfg = Release|Any CPU
		{89FAEFAD-92C1-43A0-BBBC-F5045C70C01D}.Release|Any CPU.Build.0 = Release|Any CPU
	EndGlobalSection
	GlobalSection(SolutionProperties) = preSolution
		HideSolutionNode = FALSE
	EndGlobalSection
	GlobalSection(ExtensibilityGlobals) = postSolution
		SolutionGuid = {EEA27D03-B8A6-4463-B5CD-9FE506046736}
	EndGlobalSection
EndGlobal
